{
  "name": "kook-pubg-report-bot",
  "version": "0.1.0",
  "lockfileVersion": 3,
  "requires": true,
  "packages": {
    "": {
      "name": "kook-pubg-report-bot",
      "version": "0.1.0",
      "dependencies": {
        "tough-cookie": "^6.0.0"
      },
      "engines": {
        "node": ">=22.16"
      }
    },
    "node_modules/tldts": {
      "version": "7.4.16",
      "resolved": "https://registry.npmjs.org/tldts/-/tldts-7.4.16.tgz",
      "integrity": "sha512-QwBER5KMR86IIjpIiO7H/Z3IMJPsZ1A6RKPAqzTTgOyUQUSt9FdnKcqhTaJmkY6HVrgouZHZR0ncK5QxvmnQeg==",
      "license": "MIT",
      "dependencies": {
        "tldts-core": "^7.4.16"
      },
      "bin": {
        "tldts": "bin/cli.js"
      }
    },
    "node_modules/tldts-core": {
      "version": "7.4.16",
      "resolved": "https://registry.npmjs.org/tldts-core/-/tldts-core-7.4.16.tgz",
      "integrity": "sha512-MDolfaSJtlSK5Y0A1xl3277ekubZwobpBjugknDizI9O5Rm60a1m8k4ICK+MRsCDzPygT81mp3BBf5RKDlFRfA==",
      "license": "MIT"
    },
    "node_modules/tough-cookie": {
      "version": "6.0.2",
      "resolved": "https://registry.npmjs.org/tough-cookie/-/tough-cookie-6.0.2.tgz",
      "integrity": "sha512-exgYmnmL/sJpR3upZfXG5PoatXQii55xAiXGXzY+sROLZ/Y+SLcp9PgJNI9Vz37HpQ74WvDcLT8eqm+kV3FzrA==",
      "license": "BSD-3-Clause",
      "dependencies": {
        "tldts": "^7.0.5"
      },
      "engines": {
        "node": ">=16"
      }
    }
  }
}
